dependencies:
- name: redis
  repository: https://charts.bitnami.com/bitnami
  version: 10.6.13
- name: gcloud-sqlproxy
  repository: https://charts.rimusz.net
  version: 0.12.0
digest: sha256:e479394e666da658d01618f98b250381ac6d054de29de9e18674802af5f0f497
generated: "2021-07-15T15:02:40.5109309+10:00"
