dependencies:
- name: redis
  repository: https://kubernetes-charts.storage.googleapis.com
  version: 6.4.4
- name: gcloud-sqlproxy
  repository: https://charts.rimusz.net
  version: 0.12.0
digest: sha256:bc2423646a04544bc274d4de0405ba9550b9105e419dbbb67ec577bd2ae3bbc8
generated: 2019-05-08T11:40:40.602+10:00
