dependencies:
- name: redis
  repository: https://kubernetes-charts.storage.googleapis.com
  version: 6.4.4
- name: gcloud-sqlproxy
  repository: https://kubernetes-charts.storage.googleapis.com
  version: 0.6.0
digest: sha256:1215494fe5742160cfe89bdade8c699d8d55f42b5b4c5db082fbebc893755af5
generated: 2019-04-18T13:23:44.2868444+10:00
